
Microsoft Visual Studio Solution File, Format Version 12.00
# Visual Studio 2017
Project("{FAE04EC0-301F-11D3-BF4B-00C04F79EFBC}") = "Seekers", "Seekers.csproj", "{3AA65459-9508-DC94-4BDF-7B4635EF755B}"
EndProject
Project("{FAE04EC0-301F-11D3-BF4B-00C04F79EFBC}") = "Seekers.Editor", "Seekers.Editor.csproj", "{9974FAAE-3ACF-4A83-0583-6D70F14024E5}"
EndProject
Global
	GlobalSection(SolutionConfigurationPlatforms) = preSolution
		Debug|Any CPU = Debug|Any CPU
		Release|Any CPU = Release|Any CPU
	EndGlobalSection
	GlobalSection(ProjectConfigurationPlatforms) = postSolution
		{3AA65459-9508-DC94-4BDF-7B4635EF755B}.Debug|Any CPU.ActiveCfg = Debug|Any CPU
		{3AA65459-9508-DC94-4BDF-7B4635EF755B}.Debug|Any CPU.Build.0 = Debug|Any CPU
		{3AA65459-9508-DC94-4BDF-7B4635EF755B}.Release|Any CPU.ActiveCfg = Release|Any CPU
		{3AA65459-9508-DC94-4BDF-7B4635EF755B}.Release|Any CPU.Build.0 = Release|Any CPU
		{9974FAAE-3ACF-4A83-0583-6D70F14024E5}.Debug|Any CPU.ActiveCfg = Debug|Any CPU
		{9974FAAE-3ACF-4A83-0583-6D70F14024E5}.Debug|Any CPU.Build.0 = Debug|Any CPU
		{9974FAAE-3ACF-4A83-0583-6D70F14024E5}.Release|Any CPU.ActiveCfg = Release|Any CPU
		{9974FAAE-3ACF-4A83-0583-6D70F14024E5}.Release|Any CPU.Build.0 = Release|Any CPU
	EndGlobalSection
	GlobalSection(SolutionProperties) = preSolution
		HideSolutionNode = FALSE
	EndGlobalSection
EndGlobal
